PODS:
  - FLAnimatedImage (1.0.8)
  - SBBAnimatedTweetActivity (0.1.1):
    - FLAnimatedImage (~> 1.0.8)

DEPENDENCIES:
  - SBBAnimatedTweetActivity (from `../`)

EXTERNAL SOURCES:
  SBBAnimatedTweetActivity:
    :path: ../

SPEC CHECKSUMS:
  FLAnimatedImage: f9422f796135aff80d8c00b2afc48015bb746e24
  SBBAnimatedTweetActivity: 98cda95315c70e0d94e50e5f50ce7cfff50baa18

COCOAPODS: 0.38.2
