PODS:
  - FLAnimatedImage (1.0.8)
  - SBBAnimatedTweetActivity (0.2.0):
    - FLAnimatedImage (~> 1.0.8)

DEPENDENCIES:
  - SBBAnimatedTweetActivity (from `../`)

EXTERNAL SOURCES:
  SBBAnimatedTweetActivity:
    :path: ../

SPEC CHECKSUMS:
  FLAnimatedImage: f9422f796135aff80d8c00b2afc48015bb746e24
  SBBAnimatedTweetActivity: 60cd3f1d84f8ef361c58a0b93bdd6aae8abeadf2

COCOAPODS: 0.38.2
